# This file is automatically @generated by Cargo.
# It is not intended for manual editing.
version = 4

[[package]]
name = "capo-adapters"
version = "0.1.0"
dependencies = [
 "capo-core",
]

[[package]]
name = "capo-cli"
version = "0.1.0"
dependencies = [
 "capo-core",
]

[[package]]
name = "capo-core"
version = "0.1.0"

[[package]]
name = "capo-eval"
version = "0.1.0"
dependencies = [
 "capo-core",
]

[[package]]
name = "capo-memory"
version = "0.1.0"
dependencies = [
 "capo-core",
]

[[package]]
name = "capo-runtime"
version = "0.1.0"
dependencies = [
 "capo-core",
]

[[package]]
name = "capo-state"
version = "0.1.0"
dependencies = [
 "capo-core",
]

[[package]]
name = "capo-tools"
version = "0.1.0"
dependencies = [
 "capo-core",
]
